
Microsoft Visual Studio Solution File, Format Version 12.00
# Visual Studio Version 17
VisualStudioVersion = 17.4.33103.184
MinimumVisualStudioVersion = 10.0.40219.1
Project("{FAE04EC0-301F-11D3-BF4B-00C04F79EFBC}") = "IHaveReservations", "IHaveReservations\IHaveReservations.csproj", "{B7B21C19-A8F5-4890-BE4A-008771A7E2B8}"
EndProject
Global
	GlobalSection(SolutionConfigurationPlatforms) = preSolution
		Debug|Any CPU = Debug|Any CPU
		Release|Any CPU = Release|Any CPU
	EndGlobalSection
	GlobalSection(ProjectConfigurationPlatforms) = postSolution
		{B7B21C19-A8F5-4890-BE4A-008771A7E2B8}.Debug|Any CPU.ActiveCfg = Debug|Any CPU
		{B7B21C19-A8F5-4890-BE4A-008771A7E2B8}.Debug|Any CPU.Build.0 = Debug|Any CPU
		{B7B21C19-A8F5-4890-BE4A-008771A7E2B8}.Release|Any CPU.ActiveCfg = Release|Any CPU
		{B7B21C19-A8F5-4890-BE4A-008771A7E2B8}.Release|Any CPU.Build.0 = Release|Any CPU
	EndGlobalSection
	GlobalSection(SolutionProperties) = preSolution
		HideSolutionNode = FALSE
	EndGlobalSection
	GlobalSection(ExtensibilityGlobals) = postSolution
		SolutionGuid = {70249F08-3493-4178-8F78-C81B1312A52C}
	EndGlobalSection
EndGlobal
